
Microsoft Visual Studio Solution File, Format Version 12.00
# Visual Studio 15
VisualStudioVersion = 15.0.26730.12
MinimumVisualStudioVersion = 10.0.40219.1
Project("{FAE04EC0-301F-11D3-BF4B-00C04F79EFBC}") = "WcfDrinkzy", "WcfDrinkzy\WcfDrinkzy.csproj", "{0754B0C3-9789-44D4-B8E7-1741A85C0BEE}"
EndProject
Project("{FAE04EC0-301F-11D3-BF4B-00C04F79EFBC}") = "Modellayer", "Modellayer\Modellayer.csproj", "{B1B24D1B-02E5-404B-AB1E-5B5C233FCAEA}"
EndProject
Project("{FAE04EC0-301F-11D3-BF4B-00C04F79EFBC}") = "BusinessLayer", "BusinessLayer\BusinessLayer.csproj", "{A7318E52-100B-4747-AC9B-01F098C51980}"
EndProject
Project("{FAE04EC0-301F-11D3-BF4B-00C04F79EFBC}") = "DataAccess", "DataaccessLayer\DataAccess.csproj", "{D2221BFE-6E4C-463B-90F4-26A392F0D870}"
EndProject
Global
	GlobalSection(SolutionConfigurationPlatforms) = preSolution
		Debug|Any CPU = Debug|Any CPU
		Release|Any CPU = Release|Any CPU
	EndGlobalSection
	GlobalSection(ProjectConfigurationPlatforms) = postSolution
		{0754B0C3-9789-44D4-B8E7-1741A85C0BEE}.Debug|Any CPU.ActiveCfg = Debug|Any CPU
		{0754B0C3-9789-44D4-B8E7-1741A85C0BEE}.Debug|Any CPU.Build.0 = Debug|Any CPU
		{0754B0C3-9789-44D4-B8E7-1741A85C0BEE}.Release|Any CPU.ActiveCfg = Release|Any CPU
		{0754B0C3-9789-44D4-B8E7-1741A85C0BEE}.Release|Any CPU.Build.0 = Release|Any CPU
		{B1B24D1B-02E5-404B-AB1E-5B5C233FCAEA}.Debug|Any CPU.ActiveCfg = Debug|Any CPU
		{B1B24D1B-02E5-404B-AB1E-5B5C233FCAEA}.Debug|Any CPU.Build.0 = Debug|Any CPU
		{B1B24D1B-02E5-404B-AB1E-5B5C233FCAEA}.Release|Any CPU.ActiveCfg = Release|Any CPU
		{B1B24D1B-02E5-404B-AB1E-5B5C233FCAEA}.Release|Any CPU.Build.0 = Release|Any CPU
		{A7318E52-100B-4747-AC9B-01F098C51980}.Debug|Any CPU.ActiveCfg = Debug|Any CPU
		{A7318E52-100B-4747-AC9B-01F098C51980}.Debug|Any CPU.Build.0 = Debug|Any CPU
		{A7318E52-100B-4747-AC9B-01F098C51980}.Release|Any CPU.ActiveCfg = Release|Any CPU
		{A7318E52-100B-4747-AC9B-01F098C51980}.Release|Any CPU.Build.0 = Release|Any CPU
		{D2221BFE-6E4C-463B-90F4-26A392F0D870}.Debug|Any CPU.ActiveCfg = Debug|Any CPU
		{D2221BFE-6E4C-463B-90F4-26A392F0D870}.Debug|Any CPU.Build.0 = Debug|Any CPU
		{D2221BFE-6E4C-463B-90F4-26A392F0D870}.Release|Any CPU.ActiveCfg = Release|Any CPU
		{D2221BFE-6E4C-463B-90F4-26A392F0D870}.Release|Any CPU.Build.0 = Release|Any CPU
	EndGlobalSection
	GlobalSection(SolutionProperties) = preSolution
		HideSolutionNode = FALSE
	EndGlobalSection
	GlobalSection(ExtensibilityGlobals) = postSolution
		SolutionGuid = {FE441891-122B-4F0B-8F6C-96A55350DEBE}
	EndGlobalSection
EndGlobal
